// !$*UTF8*$!
{
	archiveVersion = 1;
	classes = {
	};
	objectVersion = 50;
	objects = {

/* Begin PBXBuildFile section */
		AEC94AA0254610C100C775A8 /* AppDelegate.swift in Sources */ = {isa = PBXBuildFile; fileRef = AEC94A9F254610C100C775A8 /* AppDelegate.swift */; };
		AEC94AA2254610C100C775A8 /* SceneDelegate.swift in Sources */ = {isa = PBXBuildFile; fileRef = AEC94AA1254610C100C775A8 /* SceneDelegate.swift */; };
		AEC94AA4254610C100C775A8 /* MapViewController.swift in Sources */ = {isa = PBXBuildFile; fileRef = AEC94AA3254610C100C775A8 /* MapViewController.swift */; };
		AEC94AA7254610C100C775A8 /* Main.storyboard in Resources */ = {isa = PBXBuildFile; fileRef = AEC94AA5254610C100C775A8 /* Main.storyboard */; };
		AEC94AA9254610C200C775A8 /* Assets.xcassets in Resources */ = {isa = PBXBuildFile; fileRef = AEC94AA8254610C200C775A8 /* Assets.xcassets */; };
		AEC94AAC254610C200C775A8 /* LaunchScreen.storyboard in Resources */ = {isa = PBXBuildFile; fileRef = AEC94AAA254610C200C775A8 /* LaunchScreen.storyboard */; };
		AEC94AB7254610C200C775A8 /* MyNaviTests.swift in Sources */ = {isa = PBXBuildFile; fileRef = AEC94AB6254610C200C775A8 /* MyNaviTests.swift */; };
		AEC94AC2254610C200C775A8 /* MyNaviUITests.swift in Sources */ = {isa = PBXBuildFile; fileRef = AEC94AC1254610C200C775A8 /* MyNaviUITests.swift */; };
		AEC94AD625461ABD00C775A8 /* RouteViewController.swift in Sources */ = {isa = PBXBuildFile; fileRef = AEC94AD525461ABD00C775A8 /* RouteViewController.swift */; };
/* End PBXBuildFile section */

/* Begin PBXContainerItemProxy section */
		AEC94AB3254610C200C775A8 /* PBXContainerItemProxy */ = {
			isa = PBXContainerItemProxy;
			containerPortal = AEC94A94254610C100C775A8 /* Project object */;
			proxyType = 1;
			remoteGlobalIDString = AEC94A9B254610C100C775A8;
			remoteInfo = MyNavi;
		};
		AEC94ABE254610C200C775A8 /* PBXContainerItemProxy */ = {
			isa = PBXContainerItemProxy;
			containerPortal = AEC94A94254610C100C775A8 /* Project object */;
			proxyType = 1;
			remoteGlobalIDString = AEC94A9B254610C100C775A8;
			remoteInfo = MyNavi;
		};
/* End PBXContainerItemProxy section */

/* Begin PBXFileReference section */
		AEC94A9C254610C100C775A8 /* MyNavi.app */ = {isa = PBXFileReference; explicitFileType = wrapper.application; includeInIndex = 0; path = MyNavi.app; sourceTree = BUILT_PRODUCTS_DIR; };
		AEC94A9F254610C100C775A8 /* AppDelegate.swift */ = {isa = PBXFileReference; lastKnownFileType = sourcecode.swift; path = AppDelegate.swift; sourceTree = "<group>"; };
		AEC94AA1254610C100C775A8 /* SceneDelegate.swift */ = {isa = PBXFileReference; lastKnownFileType = sourcecode.swift; path = SceneDelegate.swift; sourceTree = "<group>"; };
		AEC94AA3254610C100C775A8 /* MapViewController.swift */ = {isa = PBXFileReference; lastKnownFileType = sourcecode.swift; path = MapViewController.swift; sourceTree = "<group>"; };
		AEC94AA6254610C100C775A8 /* Base */ = {isa = PBXFileReference; lastKnownFileType = file.storyboard; name = Base; path = Base.lproj/Main.storyboard; sourceTree = "<group>"; };
		AEC94AA8254610C200C775A8 /* Assets.xcassets */ = {isa = PBXFileReference; lastKnownFileType = folder.assetcatalog; path = Assets.xcassets; sourceTree = "<group>"; };
		AEC94AAB254610C200C775A8 /* Base */ = {isa = PBXFileReference; lastKnownFileType = file.storyboard; name = Base; path = Base.lproj/LaunchScreen.storyboard; sourceTree = "<group>"; };
		AEC94AAD254610C200C775A8 /* Info.plist */ = {isa = PBXFileReference; lastKnownFileType = text.plist.xml; path = Info.plist; sourceTree = "<group>"; };
		AEC94AB2254610C200C775A8 /* MyNaviTests.xctest */ = {isa = PBXFileReference; explicitFileType = wrapper.cfbundle; includeInIndex = 0; path = MyNaviTests.xctest; sourceTree = BUILT_PRODUCTS_DIR; };
		AEC94AB6254610C200C775A8 /* MyNaviTests.swift */ = {isa = PBXFileReference; lastKnownFileType = sourcecode.swift; path = MyNaviTests.swift; sourceTree = "<group>"; };
		AEC94AB8254610C200C775A8 /* Info.plist */ = {isa = PBXFileReference; lastKnownFileType = text.plist.xml; path = Info.plist; sourceTree = "<group>"; };
		AEC94ABD254610C200C775A8 /* MyNaviUITests.xctest */ = {isa = PBXFileReference; explicitFileType = wrapper.cfbundle; includeInIndex = 0; path = MyNaviUITests.xctest; sourceTree = BUILT_PRODUCTS_DIR; };
		AEC94AC1254610C200C775A8 /* MyNaviUITests.swift */ = {isa = PBXFileReference; lastKnownFileType = sourcecode.swift; path = MyNaviUITests.swift; sourceTree = "<group>"; };
		AEC94AC3254610C200C775A8 /* Info.plist */ = {isa = PBXFileReference; lastKnownFileType = text.plist.xml; path = Info.plist; sourceTree = "<group>"; };
		AEC94AD525461ABD00C775A8 /* RouteViewController.swift */ = {isa = PBXFileReference; lastKnownFileType = sourcecode.swift; path = RouteViewController.swift; sourceTree = "<group>"; };
/* End PBXFileReference section */

/* Begin PBXFrameworksBuildPhase section */
		AEC94A99254610C100C775A8 /* Frameworks */ = {
			isa = PBXFrameworksBuildPhase;
			buildActionMask = 2147483647;
			files = (
			);
			runOnlyForDeploymentPostprocessing = 0;
		};
		AEC94AAF254610C200C775A8 /* Frameworks */ = {
			isa = PBXFrameworksBuildPhase;
			buildActionMask = 2147483647;
			files = (
			);
			runOnlyForDeploymentPostprocessing = 0;
		};
		AEC94ABA254610C200C775A8 /* Frameworks */ = {
			isa = PBXFrameworksBuildPhase;
			buildActionMask = 2147483647;
			files = (
			);
			runOnlyForDeploymentPostprocessing = 0;
		};
/* End PBXFrameworksBuildPhase section */

/* Begin PBXGroup section */
		AEC94A93254610C100C775A8 = {
			isa = PBXGroup;
			children = (
				AEC94A9E254610C100C775A8 /* MyNavi */,
				AEC94AB5254610C200C775A8 /* MyNaviTests */,
				AEC94AC0254610C200C775A8 /* MyNaviUITests */,
				AEC94A9D254610C100C775A8 /* Products */,
			);
			sourceTree = "<group>";
		};
		AEC94A9D254610C100C775A8 /* Products */ = {
			isa = PBXGroup;
			children = (
				AEC94A9C254610C100C775A8 /* MyNavi.app */,
				AEC94AB2254610C200C775A8 /* MyNaviTests.xctest */,
				AEC94ABD254610C200C775A8 /* MyNaviUITests.xctest */,
			);
			name = Products;
			sourceTree = "<group>";
		};
		AEC94A9E254610C100C775A8 /* MyNavi */ = {
			isa = PBXGroup;
			children = (
				AEC94A9F254610C100C775A8 /* AppDelegate.swift */,
				AEC94AA1254610C100C775A8 /* SceneDelegate.swift */,
				AEC94AA3254610C100C775A8 /* MapViewController.swift */,
				AEC94AA5254610C100C775A8 /* Main.storyboard */,
				AEC94AA8254610C200C775A8 /* Assets.xcassets */,
				AEC94AAA254610C200C775A8 /* LaunchScreen.storyboard */,
				AEC94AAD254610C200C775A8 /* Info.plist */,
				AEC94AD525461ABD00C775A8 /* RouteViewController.swift */,
			);
			path = MyNavi;
			sourceTree = "<group>";
		};
		AEC94AB5254610C200C775A8 /* MyNaviTests */ = {
			isa = PBXGroup;
			children = (
				AEC94AB6254610C200C775A8 /* MyNaviTests.swift */,
				AEC94AB8254610C200C775A8 /* Info.plist */,
			);
			path = MyNaviTests;
			sourceTree = "<group>";
		};
		AEC94AC0254610C200C775A8 /* MyNaviUITests */ = {
			isa = PBXGroup;
			children = (
				AEC94AC1254610C200C775A8 /* MyNaviUITests.swift */,
				AEC94AC3254610C200C775A8 /* Info.plist */,
			);
			path = MyNaviUITests;
			sourceTree = "<group>";
		};
/* End PBXGroup section */

/* Begin PBXNativeTarget section */
		AEC94A9B254610C100C775A8 /* MyNavi */ = {
			isa = PBXNativeTarget;
			buildConfigurationList = AEC94AC6254610C200C775A8 /* Build configuration list for PBXNativeTarget "MyNavi" */;
			buildPhases = (
				AEC94A98254610C100C775A8 /* Sources */,
				AEC94A99254610C100C775A8 /* Frameworks */,
				AEC94A9A254610C100C775A8 /* Resources */,
			);
			buildRules = (
			);
			dependencies = (
			);
			name = MyNavi;
			productName = MyNavi;
			productReference = AEC94A9C254610C100C775A8 /* MyNavi.app */;
			productType = "com.apple.product-type.application";
		};
		AEC94AB1254610C200C775A8 /* MyNaviTests */ = {
			isa = PBXNativeTarget;
			buildConfigurationList = AEC94AC9254610C200C775A8 /* Build configuration list for PBXNativeTarget "MyNaviTests" */;
			buildPhases = (
				AEC94AAE254610C200C775A8 /* Sources */,
				AEC94AAF254610C200C775A8 /* Frameworks */,
				AEC94AB0254610C200C775A8 /* Resources */,
			);
			buildRules = (
			);
			dependencies = (
				AEC94AB4254610C200C775A8 /* PBXTargetDependency */,
			);
			name = MyNaviTests;
			productName = MyNaviTests;
			productReference = AEC94AB2254610C200C775A8 /* MyNaviTests.xctest */;
			productType = "com.apple.product-type.bundle.unit-test";
		};
		AEC94ABC254610C200C775A8 /* MyNaviUITests */ = {
			isa = PBXNativeTarget;
			buildConfigurationList = AEC94ACC254610C200C775A8 /* Build configuration list for PBXNativeTarget "MyNaviUITests" */;
			buildPhases = (
				AEC94AB9254610C200C775A8 /* Sources */,
				AEC94ABA254610C200C775A8 /* Frameworks */,
				AEC94ABB254610C200C775A8 /* Resources */,
			);
			buildRules = (
			);
			dependencies = (
				AEC94ABF254610C200C775A8 /* PBXTargetDependency */,
			);
			name = MyNaviUITests;
			productName = MyNaviUITests;
			productReference = AEC94ABD254610C200C775A8 /* MyNaviUITests.xctest */;
			productType = "com.apple.product-type.bundle.ui-testing";
		};
/* End PBXNativeTarget section */

/* Begin PBXProject section */
		AEC94A94254610C100C775A8 /* Project object */ = {
			isa = PBXProject;
			attributes = {
				LastSwiftUpdateCheck = 1200;
				LastUpgradeCheck = 1200;
				TargetAttributes = {
					AEC94A9B254610C100C775A8 = {
						CreatedOnToolsVersion = 12.0.1;
					};
					AEC94AB1254610C200C775A8 = {
						CreatedOnToolsVersion = 12.0.1;
						TestTargetID = AEC94A9B254610C100C775A8;
					};
					AEC94ABC254610C200C775A8 = {
						CreatedOnToolsVersion = 12.0.1;
						TestTargetID = AEC94A9B254610C100C775A8;
					};
				};
			};
			buildConfigurationList = AEC94A97254610C100C775A8 /* Build configuration list for PBXProject "MyNavi" */;
			compatibilityVersion = "Xcode 9.3";
			developmentRegion = en;
			hasScannedForEncodings = 0;
			knownRegions = (
				en,
				Base,
			);
			mainGroup = AEC94A93254610C100C775A8;
			productRefGroup = AEC94A9D254610C100C775A8 /* Products */;
			projectDirPath = "";
			projectRoot = "";
			targets = (
				AEC94A9B254610C100C775A8 /* MyNavi */,
				AEC94AB1254610C200C775A8 /* MyNaviTests */,
				AEC94ABC254610C200C775A8 /* MyNaviUITests */,
			);
		};
/* End PBXProject section */

/* Begin PBXResourcesBuildPhase section */
		AEC94A9A254610C100C775A8 /* Resources */ = {
			isa = PBXResourcesBuildPhase;
			buildActionMask = 2147483647;
			files = (
				AEC94AAC254610C200C775A8 /* LaunchScreen.storyboard in Resources */,
				AEC94AA9254610C200C775A8 /* Assets.xcassets in Resources */,
				AEC94AA7254610C100C775A8 /* Main.storyboard in Resources */,
			);
			runOnlyForDeploymentPostprocessing = 0;
		};
		AEC94AB0254610C200C775A8 /* Resources */ = {
			isa = PBXResourcesBuildPhase;
			buildActionMask = 2147483647;
			files = (
			);
			runOnlyForDeploymentPostprocessing = 0;
		};
		AEC94ABB254610C200C775A8 /* Resources */ = {
			isa = PBXResourcesBuildPhase;
			buildActionMask = 2147483647;
			files = (
			);
			runOnlyForDeploymentPostprocessing = 0;
		};
/* End PBXResourcesBuildPhase section */

/* Begin PBXSourcesBuildPhase section */
		AEC94A98254610C100C775A8 /* Sources */ = {
			isa = PBXSourcesBuildPhase;
			buildActionMask = 2147483647;
			files = (
				AEC94AA4254610C100C775A8 /* MapViewController.swift in Sources */,
				AEC94AA0254610C100C775A8 /* AppDelegate.swift in Sources */,
				AEC94AD625461ABD00C775A8 /* RouteViewController.swift in Sources */,
				AEC94AA2254610C100C775A8 /* SceneDelegate.swift in Sources */,
			);
			runOnlyForDeploymentPostprocessing = 0;
		};
		AEC94AAE254610C200C775A8 /* Sources */ = {
			isa = PBXSourcesBuildPhase;
			buildActionMask = 2147483647;
			files = (
				AEC94AB7254610C200C775A8 /* MyNaviTests.swift in Sources */,
			);
			runOnlyForDeploymentPostprocessing = 0;
		};
		AEC94AB9254610C200C775A8 /* Sources */ = {
			isa = PBXSourcesBuildPhase;
			buildActionMask = 2147483647;
			files = (
				AEC94AC2254610C200C775A8 /* MyNaviUITests.swift in Sources */,
			);
			runOnlyForDeploymentPostprocessing = 0;
		};
/* End PBXSourcesBuildPhase section */

/* Begin PBXTargetDependency section */
		AEC94AB4254610C200C775A8 /* PBXTargetDependency */ = {
			isa = PBXTargetDependency;
			target = AEC94A9B254610C100C775A8 /* MyNavi */;
			targetProxy = AEC94AB3254610C200C775A8 /* PBXContainerItemProxy */;
		};
		AEC94ABF254610C200C775A8 /* PBXTargetDependency */ = {
			isa = PBXTargetDependency;
			target = AEC94A9B254610C100C775A8 /* MyNavi */;
			targetProxy = AEC94ABE254610C200C775A8 /* PBXContainerItemProxy */;
		};
/* End PBXTargetDependency section */

/* Begin PBXVariantGroup section */
		AEC94AA5254610C100C775A8 /* Main.storyboard */ = {
			isa = PBXVariantGroup;
			children = (
				AEC94AA6254610C100C775A8 /* Base */,
			);
			name = Main.storyboard;
			sourceTree = "<group>";
		};
		AEC94AAA254610C200C775A8 /* LaunchScreen.storyboard */ = {
			isa = PBXVariantGroup;
			children = (
				AEC94AAB254610C200C775A8 /* Base */,
			);
			name = LaunchScreen.storyboard;
			sourceTree = "<group>";
		};
/* End PBXVariantGroup section */

/* Begin XCBuildConfiguration section */
		AEC94AC4254610C200C775A8 /* Debug */ = {
			isa = XCBuildConfiguration;
			buildSettings = {
				ALWAYS_SEARCH_USER_PATHS = NO;
				CLANG_ANALYZER_NONNULL = YES;
				CLANG_ANALYZER_NUMBER_OBJECT_CONVERSION = YES_AGGRESSIVE;
				CLANG_CXX_LANGUAGE_STANDARD = "gnu++14";
				CLANG_CXX_LIBRARY = "libc++";
				CLANG_ENABLE_MODULES = YES;
				CLANG_ENABLE_OBJC_ARC = YES;
				CLANG_ENABLE_OBJC_WEAK = YES;
				CLANG_WARN_BLOCK_CAPTURE_AUTORELEASING = YES;
				CLANG_WARN_BOOL_CONVERSION = YES;
				CLANG_WARN_COMMA = YES;
				CLANG_WARN_CONSTANT_CONVERSION = YES;
				CLANG_WARN_DEPRECATED_OBJC_IMPLEMENTATIONS = YES;
				CLANG_WARN_DIRECT_OBJC_ISA_USAGE = YES_ERROR;
				CLANG_WARN_DOCUMENTATION_COMMENTS = YES;
				CLANG_WARN_EMPTY_BODY = YES;
				CLANG_WARN_ENUM_CONVERSION = YES;
				CLANG_WARN_INFINITE_RECURSION = YES;
				CLANG_WARN_INT_CONVERSION = YES;
				CLANG_WARN_NON_LITERAL_NULL_CONVERSION = YES;
				CLANG_WARN_OBJC_IMPLICIT_RETAIN_SELF = YES;
				CLANG_WARN_OBJC_LITERAL_CONVERSION = YES;
				CLANG_WARN_OBJC_ROOT_CLASS = YES_ERROR;
				CLANG_WARN_QUOTED_INCLUDE_IN_FRAMEWORK_HEADER = YES;
				CLANG_WARN_RANGE_LOOP_ANALYSIS = YES;
				CLANG_WARN_STRICT_PROTOTYPES = YES;
				CLANG_WARN_SUSPICIOUS_MOVE = YES;
				CLANG_WARN_UNGUARDED_AVAILABILITY = YES_AGGRESSIVE;
				CLANG_WARN_UNREACHABLE_CODE = YES;
				CLANG_WARN__DUPLICATE_METHOD_MATCH = YES;
				COPY_PHASE_STRIP = NO;
				DEBUG_INFORMATION_FORMAT = dwarf;
				ENABLE_STRICT_OBJC_MSGSEND = YES;
				ENABLE_TESTABILITY = YES;
				GCC_C_LANGUAGE_STANDARD = gnu11;
				GCC_DYNAMIC_NO_PIC = NO;
				GCC_NO_COMMON_BLOCKS = YES;
				GCC_OPTIMIZATION_LEVEL = 0;
				GCC_PREPROCESSOR_DEFINITIONS = (
					"DEBUG=1",
					"$(inherited)",
				);
				GCC_WARN_64_TO_32_BIT_CONVERSION = YES;
				GCC_WARN_ABOUT_RETURN_TYPE = YES_ERROR;
				GCC_WARN_UNDECLARED_SELECTOR = YES;
				GCC_WARN_UNINITIALIZED_AUTOS = YES_AGGRESSIVE;
				GCC_WARN_UNUSED_FUNCTION = YES;
				GCC_WARN_UNUSED_VARIABLE = YES;
				IPHONEOS_DEPLOYMENT_TARGET = 14.0;
				MTL_ENABLE_DEBUG_INFO = INCLUDE_SOURCE;
				MTL_FAST_MATH = YES;
				ONLY_ACTIVE_ARCH = YES;
				SDKROOT = iphoneos;
				SWIFT_ACTIVE_COMPILATION_CONDITIONS = DEBUG;
				SWIFT_OPTIMIZATION_LEVEL = "-Onone";
			};
			name = Debug;
		};
		AEC94AC5254610C200C775A8 /* Release */ = {
			isa = XCBuildConfiguration;
			buildSettings = {
				ALWAYS_SEARCH_USER_PATHS = NO;
				CLANG_ANALYZER_NONNULL = YES;
				CLANG_ANALYZER_NUMBER_OBJECT_CONVERSION = YES_AGGRESSIVE;
				CLANG_CXX_LANGUAGE_STANDARD = "gnu++14";
				CLANG_CXX_LIBRARY = "libc++";
				CLANG_ENABLE_MODULES = YES;
				CLANG_ENABLE_OBJC_ARC = YES;
				CLANG_ENABLE_OBJC_WEAK = YES;
				CLANG_WARN_BLOCK_CAPTURE_AUTORELEASING = YES;
				CLANG_WARN_BOOL_CONVERSION = YES;
				CLANG_WARN_COMMA = YES;
				CLANG_WARN_CONSTANT_CONVERSION = YES;
				CLANG_WARN_DEPRECATED_OBJC_IMPLEMENTATIONS = YES;
				CLANG_WARN_DIRECT_OBJC_ISA_USAGE = YES_ERROR;
				CLANG_WARN_DOCUMENTATION_COMMENTS = YES;
				CLANG_WARN_EMPTY_BODY = YES;
				CLANG_WARN_ENUM_CONVERSION = YES;
				CLANG_WARN_INFINITE_RECURSION = YES;
				CLANG_WARN_INT_CONVERSION = YES;
				CLANG_WARN_NON_LITERAL_NULL_CONVERSION = YES;
				CLANG_WARN_OBJC_IMPLICIT_RETAIN_SELF = YES;
				CLANG_WARN_OBJC_LITERAL_CONVERSION = YES;
				CLANG_WARN_OBJC_ROOT_CLASS = YES_ERROR;
				CLANG_WARN_QUOTED_INCLUDE_IN_FRAMEWORK_HEADER = YES;
				CLANG_WARN_RANGE_LOOP_ANALYSIS = YES;
				CLANG_WARN_STRICT_PROTOTYPES = YES;
				CLANG_WARN_SUSPICIOUS_MOVE = YES;
				CLANG_WARN_UNGUARDED_AVAILABILITY = YES_AGGRESSIVE;
				CLANG_WARN_UNREACHABLE_CODE = YES;
				CLANG_WARN__DUPLICATE_METHOD_MATCH = YES;
				COPY_PHASE_STRIP = NO;
				DEBUG_INFORMATION_FORMAT = "dwarf-with-dsym";
				ENABLE_NS_ASSERTIONS = NO;
				ENABLE_STRICT_OBJC_MSGSEND = YES;
				GCC_C_LANGUAGE_STANDARD = gnu11;
				GCC_NO_COMMON_BLOCKS = YES;
				GCC_WARN_64_TO_32_BIT_CONVERSION = YES;
				GCC_WARN_ABOUT_RETURN_TYPE = YES_ERROR;
				GCC_WARN_UNDECLARED_SELECTOR = YES;
				GCC_WARN_UNINITIALIZED_AUTOS = YES_AGGRESSIVE;
				GCC_WARN_UNUSED_FUNCTION = YES;
				GCC_WARN_UNUSED_VARIABLE = YES;
				IPHONEOS_DEPLOYMENT_TARGET = 14.0;
				MTL_ENABLE_DEBUG_INFO = NO;
				MTL_FAST_MATH = YES;
				SDKROOT = iphoneos;
				SWIFT_COMPILATION_MODE = wholemodule;
				SWIFT_OPTIMIZATION_LEVEL = "-O";
				VALIDATE_PRODUCT = YES;
			};
			name = Release;
		};
		AEC94AC7254610C200C775A8 /* Debug */ = {
			isa = XCBuildConfiguration;
			buildSettings = {
				ASSETCATALOG_COMPILER_APPICON_NAME = AppIcon;
				ASSETCATALOG_COMPILER_GLOBAL_ACCENT_COLOR_NAME = AccentColor;
				CODE_SIGN_STYLE = Automatic;
				INFOPLIST_FILE = MyNavi/Info.plist;
				LD_RUNPATH_SEARCH_PATHS = (
					"$(inherited)",
					"@executable_path/Frameworks",
				);
				PRODUCT_BUNDLE_IDENTIFIER = ca.sheridan.MyNavi;
				PRODUCT_NAME = "$(TARGET_NAME)";
				SWIFT_VERSION = 5.0;
				TARGETED_DEVICE_FAMILY = "1,2";
			};
			name = Debug;
		};
		AEC94AC8254610C200C775A8 /* Release */ = {
			isa = XCBuildConfiguration;
			buildSettings = {
				ASSETCATALOG_COMPILER_APPICON_NAME = AppIcon;
				ASSETCATALOG_COMPILER_GLOBAL_ACCENT_COLOR_NAME = AccentColor;
				CODE_SIGN_STYLE = Automatic;
				INFOPLIST_FILE = MyNavi/Info.plist;
				LD_RUNPATH_SEARCH_PATHS = (
					"$(inherited)",
					"@executable_path/Frameworks",
				);
				PRODUCT_BUNDLE_IDENTIFIER = ca.sheridan.MyNavi;
				PRODUCT_NAME = "$(TARGET_NAME)";
				SWIFT_VERSION = 5.0;
				TARGETED_DEVICE_FAMILY = "1,2";
			};
			name = Release;
		};
		AEC94ACA254610C200C775A8 /* Debug */ = {
			isa = XCBuildConfiguration;
			buildSettings = {
				ALWAYS_EMBED_SWIFT_STANDARD_LIBRARIES = YES;
				BUNDLE_LOADER = "$(TEST_HOST)";
				CODE_SIGN_STYLE = Automatic;
				INFOPLIST_FILE = MyNaviTests/Info.plist;
				IPHONEOS_DEPLOYMENT_TARGET = 14.0;
				LD_RUNPATH_SEARCH_PATHS = (
					"$(inherited)",
					"@executable_path/Frameworks",
					"@loader_path/Frameworks",
				);
				PRODUCT_BUNDLE_IDENTIFIER = ca.sheridan.MyNaviTests;
				PRODUCT_NAME = "$(TARGET_NAME)";
				SWIFT_VERSION = 5.0;
				TARGETED_DEVICE_FAMILY = "1,2";
				TEST_HOST = "$(BUILT_PRODUCTS_DIR)/MyNavi.app/MyNavi";
			};
			name = Debug;
		};
		AEC94ACB254610C200C775A8 /* Release */ = {
			isa = XCBuildConfiguration;
			buildSettings = {
				ALWAYS_EMBED_SWIFT_STANDARD_LIBRARIES = YES;
				BUNDLE_LOADER = "$(TEST_HOST)";
				CODE_SIGN_STYLE = Automatic;
				INFOPLIST_FILE = MyNaviTests/Info.plist;
				IPHONEOS_DEPLOYMENT_TARGET = 14.0;
				LD_RUNPATH_SEARCH_PATHS = (
					"$(inherited)",
					"@executable_path/Frameworks",
					"@loader_path/Frameworks",
				);
				PRODUCT_BUNDLE_IDENTIFIER = ca.sheridan.MyNaviTests;
				PRODUCT_NAME = "$(TARGET_NAME)";
				SWIFT_VERSION = 5.0;
				TARGETED_DEVICE_FAMILY = "1,2";
				TEST_HOST = "$(BUILT_PRODUCTS_DIR)/MyNavi.app/MyNavi";
			};
			name = Release;
		};
		AEC94ACD254610C200C775A8 /* Debug */ = {
			isa = XCBuildConfiguration;
			buildSettings = {
				ALWAYS_EMBED_SWIFT_STANDARD_LIBRARIES = YES;
				CODE_SIGN_STYLE = Automatic;
				INFOPLIST_FILE = MyNaviUITests/Info.plist;
				LD_RUNPATH_SEARCH_PATHS = (
					"$(inherited)",
					"@executable_path/Frameworks",
					"@loader_path/Frameworks",
				);
				PRODUCT_BUNDLE_IDENTIFIER = ca.sheridan.MyNaviUITests;
				PRODUCT_NAME = "$(TARGET_NAME)";
				SWIFT_VERSION = 5.0;
				TARGETED_DEVICE_FAMILY = "1,2";
				TEST_TARGET_NAME = MyNavi;
			};
			name = Debug;
		};
		AEC94ACE254610C200C775A8 /* Release */ = {
			isa = XCBuildConfiguration;
			buildSettings = {
				ALWAYS_EMBED_SWIFT_STANDARD_LIBRARIES = YES;
				CODE_SIGN_STYLE = Automatic;
				INFOPLIST_FILE = MyNaviUITests/Info.plist;
				LD_RUNPATH_SEARCH_PATHS = (
					"$(inherited)",
					"@executable_path/Frameworks",
					"@loader_path/Frameworks",
				);
				PRODUCT_BUNDLE_IDENTIFIER = ca.sheridan.MyNaviUITests;
				PRODUCT_NAME = "$(TARGET_NAME)";
				SWIFT_VERSION = 5.0;
				TARGETED_DEVICE_FAMILY = "1,2";
				TEST_TARGET_NAME = MyNavi;
			};
			name = Release;
		};
/* End XCBuildConfiguration section */

/* Begin XCConfigurationList section */
		AEC94A97254610C100C775A8 /* Build configuration list for PBXProject "MyNavi" */ = {
			isa = XCConfigurationList;
			buildConfigurations = (
				AEC94AC4254610C200C775A8 /* Debug */,
				AEC94AC5254610C200C775A8 /* Release */,
			);
			defaultConfigurationIsVisible = 0;
			defaultConfigurationName = Release;
		};
		AEC94AC6254610C200C775A8 /* Build configuration list for PBXNativeTarget "MyNavi" */ = {
			isa = XCConfigurationList;
			buildConfigurations = (
				AEC94AC7254610C200C775A8 /* Debug */,
				AEC94AC8254610C200C775A8 /* Release */,
			);
			defaultConfigurationIsVisible = 0;
			defaultConfigurationName = Release;
		};
		AEC94AC9254610C200C775A8 /* Build configuration list for PBXNativeTarget "MyNaviTests" */ = {
			isa = XCConfigurationList;
			buildConfigurations = (
				AEC94ACA254610C200C775A8 /* Debug */,
				AEC94ACB254610C200C775A8 /* Release */,
			);
			defaultConfigurationIsVisible = 0;
			defaultConfigurationName = Release;
		};
		AEC94ACC254610C200C775A8 /* Build configuration list for PBXNativeTarget "MyNaviUITests" */ = {
			isa = XCConfigurationList;
			buildConfigurations = (
				AEC94ACD254610C200C775A8 /* Debug */,
				AEC94ACE254610C200C775A8 /* Release */,
			);
			defaultConfigurationIsVisible = 0;
			defaultConfigurationName = Release;
		};
/* End XCConfigurationList section */
	};
	rootObject = AEC94A94254610C100C775A8 /* Project object */;
}
